
Microsoft Visual Studio Solution File, Format Version 12.00
# Visual Studio Version 17
VisualStudioVersion = 17.6.33801.468
MinimumVisualStudioVersion = 10.0.40219.1
Project("{FAE04EC0-301F-11D3-BF4B-00C04F79EFBC}") = "calculator", "calculator\calculator.csproj", "{08C9A23A-A57A-4A43-B4CF-257BF3606FFD}"
EndProject
Global
	GlobalSection(SolutionConfigurationPlatforms) = preSolution
		Debug|Any CPU = Debug|Any CPU
		Release|Any CPU = Release|Any CPU
	EndGlobalSection
	GlobalSection(ProjectConfigurationPlatforms) = postSolution
		{08C9A23A-A57A-4A43-B4CF-257BF3606FFD}.Debug|Any CPU.ActiveCfg = Debug|Any CPU
		{08C9A23A-A57A-4A43-B4CF-257BF3606FFD}.Debug|Any CPU.Build.0 = Debug|Any CPU
		{08C9A23A-A57A-4A43-B4CF-257BF3606FFD}.Release|Any CPU.ActiveCfg = Release|Any CPU
		{08C9A23A-A57A-4A43-B4CF-257BF3606FFD}.Release|Any CPU.Build.0 = Release|Any CPU
	EndGlobalSection
	GlobalSection(SolutionProperties) = preSolution
		HideSolutionNode = FALSE
	EndGlobalSection
	GlobalSection(ExtensibilityGlobals) = postSolution
		SolutionGuid = {F9D37032-263F-47C6-86EA-B58922380790}
	EndGlobalSection
EndGlobal
